{
  "name": "@garygrossgarten/github-action-ssh",
  "version": "0.8.0",
  "lockfileVersion": 3,
  "requires": true,
  "packages": {
    "": {
      "name": "@garygrossgarten/github-action-ssh",
      "version": "0.8.0",
      "license": "MIT",
      "dependencies": {
        "@actions/core": "^2.0.0",
        "node-ssh": "^13.2.1"
      },
      "bin": {
        "github-action-ssh": "dist/index.js"
      },
      "devDependencies": {
        "@types/node": "^24.12.0",
        "@types/ssh2": "^1.15.5",
        "@types/ssh2-streams": "^0.1.13",
        "@vercel/ncc": "^0.38.4",
        "prettier": "^3.8.1",
        "typescript": "5.9.3"
      }
    },
    "node_modules/@actions/core": {
      "version": "2.0.3",
      "resolved": "https://registry.npmjs.org/@actions/core/-/core-2.0.3.tgz",
      "integrity": "sha512-Od9Thc3T1mQJYddvVPM4QGiLUewdh+3txmDYHHxoNdkqysR1MbCT+rFOtNUxYAz+7+6RIsqipVahY2GJqGPyxA==",
      "license": "MIT",
      "dependencies": {
        "@actions/exec": "^2.0.0",
        "@actions/http-client": "^3.0.2"
      }
    },
    "node_modules/@actions/exec": {
      "version": "2.0.0",
      "resolved": "https://registry.npmjs.org/@actions/exec/-/exec-2.0.0.tgz",
      "integrity": "sha512-k8ngrX2voJ/RIN6r9xB82NVqKpnMRtxDoiO+g3olkIUpQNqjArXrCQceduQZCQj3P3xm32pChRLqRrtXTlqhIw==",
      "license": "MIT",
      "dependencies": {
        "@actions/io": "^2.0.0"
      }
    },
    "node_modules/@actions/http-client": {
      "version": "3.0.2",
      "resolved": "https://registry.npmjs.org/@actions/http-client/-/http-client-3.0.2.tgz",
      "integrity": "sha512-JP38FYYpyqvUsz+Igqlc/JG6YO9PaKuvqjM3iGvaLqFnJ7TFmcLyy2IDrY0bI0qCQug8E9K+elv5ZNfw62ZJzA==",
      "license": "MIT",
      "dependencies": {
        "tunnel": "^0.0.6",
        "undici": "^6.23.0"
      }
    },
    "node_modules/@actions/io": {
      "version": "2.0.0",
      "resolved": "https://registry.npmjs.org/@actions/io/-/io-2.0.0.tgz",
      "integrity": "sha512-Jv33IN09XLO+0HS79aaODsvIRyduiF7NY/F6LYeK5oeUmrsz7aFdRphQjFoESF4jS7lMauDOttKALcpapVDIAg==",
      "license": "MIT"
    },
    "node_modules/@types/node": {
      "version": "24.12.0",
      "resolved": "https://registry.npmjs.org/@types/node/-/node-24.12.0.tgz",
      "integrity": "sha512-GYDxsZi3ChgmckRT9HPU0WEhKLP08ev/Yfcq2AstjrDASOYCSXeyjDsHg4v5t4jOj7cyDX3vmprafKlWIG9MXQ==",
      "dev": true,
      "license": "MIT",
      "dependencies": {
        "undici-types": "~7.16.0"
      }
    },
    "node_modules/@types/ssh2": {
      "version": "1.15.5",
      "resolved": "https://registry.npmjs.org/@types/ssh2/-/ssh2-1.15.5.tgz",
      "integrity": "sha512-N1ASjp/nXH3ovBHddRJpli4ozpk6UdDYIX4RJWFa9L1YKnzdhTlVmiGHm4DZnj/jLbqZpes4aeR30EFGQtvhQQ==",
      "dev": true,
      "license": "MIT",
      "dependencies": {
        "@types/node": "^18.11.18"
      }
    },
    "node_modules/@types/ssh2-streams": {
      "version": "0.1.13",
      "resolved": "https://registry.npmjs.org/@types/ssh2-streams/-/ssh2-streams-0.1.13.tgz",
      "integrity": "sha512-faHyY3brO9oLEA0QlcO8N2wT7R0+1sHWZvQ+y3rMLwdY1ZyS1z0W3t65j9PqT4HmQ6ALzNe7RZlNuCNE0wBSWA==",
      "dev": true,
      "license": "MIT",
      "dependencies": {
        "@types/node": "*"
      }
    },
    "node_modules/@types/ssh2/node_modules/@types/node": {
      "version": "18.19.130",
      "resolved": "https://registry.npmjs.org/@types/node/-/node-18.19.130.tgz",
      "integrity": "sha512-GRaXQx6jGfL8sKfaIDD6OupbIHBr9jv7Jnaml9tB7l4v068PAOXqfcujMMo5PhbIs6ggR1XODELqahT2R8v0fg==",
      "dev": true,
      "license": "MIT",
      "dependencies": {
        "undici-types": "~5.26.4"
      }
    },
    "node_modules/@types/ssh2/node_modules/undici-types": {
      "version": "5.26.5",
      "resolved": "https://registry.npmjs.org/undici-types/-/undici-types-5.26.5.tgz",
      "integrity": "sha512-JlCMO+ehdEIKqlFxk6IfVoAUVmgz7cU7zD/h9XZ0qzeosSHmUJVOzSQvvYSYWXkFXC+IfLKSIffhv0sVZup6pA==",
      "dev": true,
      "license": "MIT"
    },
    "node_modules/@vercel/ncc": {
      "version": "0.38.4",
      "resolved": "https://registry.npmjs.org/@vercel/ncc/-/ncc-0.38.4.tgz",
      "integrity": "sha512-8LwjnlP39s08C08J5NstzriPvW1SP8Zfpp1BvC2sI35kPeZnHfxVkCwu4/+Wodgnd60UtT1n8K8zw+Mp7J9JmQ==",
      "dev": true,
      "license": "MIT",
      "bin": {
        "ncc": "dist/ncc/cli.js"
      }
    },
    "node_modules/asn1": {
      "version": "0.2.6",
      "resolved": "https://registry.npmjs.org/asn1/-/asn1-0.2.6.tgz",
      "integrity": "sha512-ix/FxPn0MDjeyJ7i/yoHGFt/EX6LyNbxSEhPPXODPL+KB0VPk86UYfL0lMdy+KCnv+fmvIzySwaK5COwqVbWTQ==",
      "license": "MIT",
      "dependencies": {
        "safer-buffer": "~2.1.0"
      }
    },
    "node_modules/bcrypt-pbkdf": {
      "version": "1.0.2",
      "resolved": "https://registry.npmjs.org/bcrypt-pbkdf/-/bcrypt-pbkdf-1.0.2.tgz",
      "integrity": "sha512-qeFIXtP4MSoi6NLqO12WfqARWWuCKi2Rn/9hJLEmtB5yTNr9DqFWkJRCf2qShWzPeAMRnOgCrq0sg/KLv5ES9w==",
      "license": "BSD-3-Clause",
      "dependencies": {
        "tweetnacl": "^0.14.3"
      }
    },
    "node_modules/buildcheck": {
      "version": "0.0.7",
      "resolved": "https://registry.npmjs.org/buildcheck/-/buildcheck-0.0.7.tgz",
      "integrity": "sha512-lHblz4ahamxpTmnsk+MNTRWsjYKv965MwOrSJyeD588rR3Jcu7swE+0wN5F+PbL5cjgu/9ObkhfzEPuofEMwLA==",
      "optional": true,
      "engines": {
        "node": ">=10.0.0"
      }
    },
    "node_modules/cpu-features": {
      "version": "0.0.10",
      "resolved": "https://registry.npmjs.org/cpu-features/-/cpu-features-0.0.10.tgz",
      "integrity": "sha512-9IkYqtX3YHPCzoVg1Py+o9057a3i0fp7S530UWokCSaFVTc7CwXPRiOjRjBQQ18ZCNafx78YfnG+HALxtVmOGA==",
      "hasInstallScript": true,
      "optional": true,
      "dependencies": {
        "buildcheck": "~0.0.6",
        "nan": "^2.19.0"
      },
      "engines": {
        "node": ">=10.0.0"
      }
    },
    "node_modules/is-stream": {
      "version": "2.0.1",
      "resolved": "https://registry.npmjs.org/is-stream/-/is-stream-2.0.1.tgz",
      "integrity": "sha512-hFoiJiTl63nn+kstHGBtewWSKnQLpyb155KHheA1l39uvtO9nWIop1p3udqPcUd/xbF1VLMO4n7OI6p7RbngDg==",
      "engines": {
        "node": ">=8"
      },
      "funding": {
        "url": "https://github.com/sponsors/sindresorhus"
      }
    },
    "node_modules/make-dir": {
      "version": "3.1.0",
      "resolved": "https://registry.npmjs.org/make-dir/-/make-dir-3.1.0.tgz",
      "integrity": "sha512-g3FeP20LNwhALb/6Cz6Dd4F2ngze0jz7tbzrD2wAV+o9FeNHe4rL+yK2md0J/fiSf1sa1ADhXqi5+oVwOM/eGw==",
      "dependencies": {
        "semver": "^6.0.0"
      },
      "engines": {
        "node": ">=8"
      },
      "funding": {
        "url": "https://github.com/sponsors/sindresorhus"
      }
    },
    "node_modules/nan": {
      "version": "2.25.0",
      "resolved": "https://registry.npmjs.org/nan/-/nan-2.25.0.tgz",
      "integrity": "sha512-0M90Ag7Xn5KMLLZ7zliPWP3rT90P6PN+IzVFS0VqmnPktBk3700xUVv8Ikm9EUaUE5SDWdp/BIxdENzVznpm1g==",
      "license": "MIT",
      "optional": true
    },
    "node_modules/node-ssh": {
      "version": "13.2.1",
      "resolved": "https://registry.npmjs.org/node-ssh/-/node-ssh-13.2.1.tgz",
      "integrity": "sha512-rfl4GWMygQfzlExPkQ2LWyya5n2jOBm5vhEnup+4mdw7tQhNpJWbP5ldr09Jfj93k5SfY5lxcn8od5qrQ/6mBg==",
      "license": "MIT",
      "dependencies": {
        "is-stream": "^2.0.0",
        "make-dir": "^3.1.0",
        "sb-promise-queue": "^2.1.0",
        "sb-scandir": "^3.1.0",
        "shell-escape": "^0.2.0",
        "ssh2": "^1.14.0"
      },
      "engines": {
        "node": ">= 10"
      }
    },
    "node_modules/prettier": {
      "version": "3.8.1",
      "resolved": "https://registry.npmjs.org/prettier/-/prettier-3.8.1.tgz",
      "integrity": "sha512-UOnG6LftzbdaHZcKoPFtOcCKztrQ57WkHDeRD9t/PTQtmT0NHSeWWepj6pS0z/N7+08BHFDQVUrfmfMRcZwbMg==",
      "dev": true,
      "license": "MIT",
      "bin": {
        "prettier": "bin/prettier.cjs"
      },
      "engines": {
        "node": ">=14"
      },
      "funding": {
        "url": "https://github.com/prettier/prettier?sponsor=1"
      }
    },
    "node_modules/safer-buffer": {
      "version": "2.1.2",
      "resolved": "https://registry.npmjs.org/safer-buffer/-/safer-buffer-2.1.2.tgz",
      "integrity": "sha512-YZo3K82SD7Riyi0E1EQPojLz7kpepnSQI9IyPbHHg1XXXevb5dJI7tpyN2ADxGcQbHG7vcyRHk0cbwqcQriUtg==",
      "license": "MIT"
    },
    "node_modules/sb-promise-queue": {
      "version": "2.1.0",
      "resolved": "https://registry.npmjs.org/sb-promise-queue/-/sb-promise-queue-2.1.0.tgz",
      "integrity": "sha512-zwq4YuP1FQFkGx2Q7GIkZYZ6PqWpV+bg0nIO1sJhWOyGyhqbj0MsTvK6lCFo5TQwX5pZr6SCQ75e8PCDCuNvkg==",
      "engines": {
        "node": ">= 8"
      }
    },
    "node_modules/sb-scandir": {
      "version": "3.1.0",
      "resolved": "https://registry.npmjs.org/sb-scandir/-/sb-scandir-3.1.0.tgz",
      "integrity": "sha512-70BVm2xz9jn94zSQdpvYrEG101/UV9TVGcfWr9T5iob3QhCK4lYXeculfBqPGFv3XTeKgx4dpWyYIDeZUqo4kg==",
      "dependencies": {
        "sb-promise-queue": "^2.1.0"
      },
      "engines": {
        "node": ">= 8"
      }
    },
    "node_modules/semver": {
      "version": "6.3.1",
      "resolved": "https://registry.npmjs.org/semver/-/semver-6.3.1.tgz",
      "integrity": "sha512-BR7VvDCVHO+q2xBEWskxS6DJE1qRnb7DxzUrogb71CWoSficBxYsiAGd+Kl0mmq/MprG9yArRkyrQxTO6XjMzA==",
      "bin": {
        "semver": "bin/semver.js"
      }
    },
    "node_modules/shell-escape": {
      "version": "0.2.0",
      "resolved": "https://registry.npmjs.org/shell-escape/-/shell-escape-0.2.0.tgz",
      "integrity": "sha1-aP0CXrBJC09WegJ/C/IkgLX4QTM="
    },
    "node_modules/ssh2": {
      "version": "1.17.0",
      "resolved": "https://registry.npmjs.org/ssh2/-/ssh2-1.17.0.tgz",
      "integrity": "sha512-wPldCk3asibAjQ/kziWQQt1Wh3PgDFpC0XpwclzKcdT1vql6KeYxf5LIt4nlFkUeR8WuphYMKqUA56X4rjbfgQ==",
      "hasInstallScript": true,
      "dependencies": {
        "asn1": "^0.2.6",
        "bcrypt-pbkdf": "^1.0.2"
      },
      "engines": {
        "node": ">=10.16.0"
      },
      "optionalDependencies": {
        "cpu-features": "~0.0.10",
        "nan": "^2.23.0"
      }
    },
    "node_modules/tunnel": {
      "version": "0.0.6",
      "resolved": "https://registry.npmjs.org/tunnel/-/tunnel-0.0.6.tgz",
      "integrity": "sha512-1h/Lnq9yajKY2PEbBadPXj3VxsDDu844OnaAo52UVmIzIvwwtBPIuNvkjuzBlTWpfJyUbG3ez0KSBibQkj4ojg==",
      "license": "MIT",
      "engines": {
        "node": ">=0.6.11 <=0.7.0 || >=0.7.3"
      }
    },
    "node_modules/tweetnacl": {
      "version": "0.14.5",
      "resolved": "https://registry.npmjs.org/tweetnacl/-/tweetnacl-0.14.5.tgz",
      "integrity": "sha512-KXXFFdAbFXY4geFIwoyNK+f5Z1b7swfXABfL7HXCmoIWMKU3dmS26672A4EeQtDzLKy7SXmfBu51JolvEKwtGA==",
      "license": "Unlicense"
    },
    "node_modules/typescript": {
      "version": "5.9.3",
      "resolved": "https://registry.npmjs.org/typescript/-/typescript-5.9.3.tgz",
      "integrity": "sha512-jl1vZzPDinLr9eUt3J/t7V6FgNEw9QjvBPdysz9KfQDD41fQrC2Y4vKQdiaUpFT4bXlb1RHhLpp8wtm6M5TgSw==",
      "dev": true,
      "license": "Apache-2.0",
      "bin": {
        "tsc": "bin/tsc",
        "tsserver": "bin/tsserver"
      },
      "engines": {
        "node": ">=14.17"
      }
    },
    "node_modules/undici": {
      "version": "6.24.1",
      "resolved": "https://registry.npmjs.org/undici/-/undici-6.24.1.tgz",
      "integrity": "sha512-sC+b0tB1whOCzbtlx20fx3WgCXwkW627p4EA9uM+/tNNPkSS+eSEld6pAs9nDv7WbY1UUljBMYPtu9BCOrCWKA==",
      "license": "MIT",
      "engines": {
        "node": ">=18.17"
      }
    },
    "node_modules/undici-types": {
      "version": "7.16.0",
      "resolved": "https://registry.npmjs.org/undici-types/-/undici-types-7.16.0.tgz",
      "integrity": "sha512-Zz+aZWSj8LE6zoxD+xrjh4VfkIG8Ya6LvYkZqtUQGJPZjYl53ypCaUwWqo7eI0x66KBGeRo+mlBEkMSeSZ38Nw==",
      "dev": true,
      "license": "MIT"
    }
  }
}
